{
  "requires": true,
  "lockfileVersion": 1,
  "dependencies": {
    "react-webp-image": {
      "version": "1.0.7",
      "resolved": "https://registry.npmjs.org/react-webp-image/-/react-webp-image-1.0.7.tgz",
      "integrity": "sha512-XtxTnhfrcm2IwuCMe7dRC/sn/oXSCezSJ2wl9JD8viPdZpPygCWIWvAVQvx0DiWt4H7qQK7VPJFmH+seddh6bw=="
    }
  }
}
